
Microsoft Visual Studio Solution File, Format Version 12.00
# Visual Studio Version 16
VisualStudioVersion = 16.0.29519.87
MinimumVisualStudioVersion = 15.0.26124.0
Project("{2150E333-8FDC-42A3-9474-1A3956D46DE8}") = "src", "src", "{C8FEAE38-9B54-4F86-9957-ACFEE80BE9D6}"
EndProject
Project("{9A19103F-16F7-4668-BE54-9A1E7A4F7556}") = "Pandorax.Recaptcha", "src\Pandorax.Recaptcha\Pandorax.Recaptcha.csproj", "{E0888D1D-5118-4684-A757-A0A09E22555C}"
EndProject
Project("{2150E333-8FDC-42A3-9474-1A3956D46DE8}") = "Solution Items", "Solution Items", "{414A4168-A644-4B9E-AFEB-C50D3FBB691A}"
	ProjectSection(SolutionItems) = preProject
		.editorconfig = .editorconfig
	EndProjectSection
EndProject
Global
	GlobalSection(SolutionConfigurationPlatforms) = preSolution
		Debug|Any CPU = Debug|Any CPU
		Debug|x64 = Debug|x64
		Debug|x86 = Debug|x86
		Release|Any CPU = Release|Any CPU
		Release|x64 = Release|x64
		Release|x86 = Release|x86
	EndGlobalSection
	GlobalSection(ProjectConfigurationPlatforms) = postSolution
		{E0888D1D-5118-4684-A757-A0A09E22555C}.Debug|Any CPU.ActiveCfg = Debug|Any CPU
		{E0888D1D-5118-4684-A757-A0A09E22555C}.Debug|Any CPU.Build.0 = Debug|Any CPU
		{E0888D1D-5118-4684-A757-A0A09E22555C}.Debug|x64.ActiveCfg = Debug|Any CPU
		{E0888D1D-5118-4684-A757-A0A09E22555C}.Debug|x64.Build.0 = Debug|Any CPU
		{E0888D1D-5118-4684-A757-A0A09E22555C}.Debug|x86.ActiveCfg = Debug|Any CPU
		{E0888D1D-5118-4684-A757-A0A09E22555C}.Debug|x86.Build.0 = Debug|Any CPU
		{E0888D1D-5118-4684-A757-A0A09E22555C}.Release|Any CPU.ActiveCfg = Release|Any CPU
		{E0888D1D-5118-4684-A757-A0A09E22555C}.Release|Any CPU.Build.0 = Release|Any CPU
		{E0888D1D-5118-4684-A757-A0A09E22555C}.Release|x64.ActiveCfg = Release|Any CPU
		{E0888D1D-5118-4684-A757-A0A09E22555C}.Release|x64.Build.0 = Release|Any CPU
		{E0888D1D-5118-4684-A757-A0A09E22555C}.Release|x86.ActiveCfg = Release|Any CPU
		{E0888D1D-5118-4684-A757-A0A09E22555C}.Release|x86.Build.0 = Release|Any CPU
	EndGlobalSection
	GlobalSection(SolutionProperties) = preSolution
		HideSolutionNode = FALSE
	EndGlobalSection
	GlobalSection(NestedProjects) = preSolution
		{E0888D1D-5118-4684-A757-A0A09E22555C} = {C8FEAE38-9B54-4F86-9957-ACFEE80BE9D6}
	EndGlobalSection
	GlobalSection(ExtensibilityGlobals) = postSolution
		SolutionGuid = {E56BED77-0EA5-4DF7-81B1-AEB44B6E0698}
	EndGlobalSection
EndGlobal
